
Microsoft Visual Studio Solution File, Format Version 12.00
# Visual Studio Version 17
VisualStudioVersion = 17.1.32210.238
MinimumVisualStudioVersion = 10.0.40219.1
Project("{9A19103F-16F7-4668-BE54-9A1E7A4F7556}") = "WSOFTConfig", "WSOFTConfig\WSOFTConfig.csproj", "{99BACE25-C1C0-4469-AF1B-C112A6115CDA}"
EndProject
Project("{FAE04EC0-301F-11D3-BF4B-00C04F79EFBC}") = "WSOFTConfig.Framework", "WSOFTConfig.Framework\WSOFTConfig.Framework.csproj", "{BB92A2EF-2F64-4684-9270-8E3FFA33A60E}"
EndProject
Project("{9A19103F-16F7-4668-BE54-9A1E7A4F7556}") = "WSOFTConfig.Test", "WSOFTConfig.Test\WSOFTConfig.Test.csproj", "{01C9768D-3845-4397-ADB4-D96983667149}"
EndProject
Project("{9A19103F-16F7-4668-BE54-9A1E7A4F7556}") = "WSOFTConfig.UI", "WSOFTConfig.UI\WSOFTConfig.UI.csproj", "{D86B450D-0A9D-47E6-9914-FB45896633B3}"
EndProject
Project("{9A19103F-16F7-4668-BE54-9A1E7A4F7556}") = "WSOFTConfig.UI.Test", "WSOFTConfig.UI.Test\WSOFTConfig.UI.Test.csproj", "{E7FBAFB4-9ECD-40FC-AEC9-33ECE6E1AFCC}"
EndProject
Project("{FAE04EC0-301F-11D3-BF4B-00C04F79EFBC}") = "WSOFTConfig.UI.Framework", "WSOFTConfig.UI.Framework\WSOFTConfig.UI.Framework.csproj", "{76ADDA5F-194F-4C3F-BBB5-56CD836B6C40}"
EndProject
Project("{FAE04EC0-301F-11D3-BF4B-00C04F79EFBC}") = "WSOFTConfig.UI.Framework.Test", "WSOFTConfig.UI.Framework.Test\WSOFTConfig.UI.Framework.Test.csproj", "{64E3EC86-797B-4F5F-833D-AEFA316019D1}"
EndProject
Global
	GlobalSection(SolutionConfigurationPlatforms) = preSolution
		Debug|Any CPU = Debug|Any CPU
		Release|Any CPU = Release|Any CPU
	EndGlobalSection
	GlobalSection(ProjectConfigurationPlatforms) = postSolution
		{99BACE25-C1C0-4469-AF1B-C112A6115CDA}.Debug|Any CPU.ActiveCfg = Debug|Any CPU
		{99BACE25-C1C0-4469-AF1B-C112A6115CDA}.Debug|Any CPU.Build.0 = Debug|Any CPU
		{99BACE25-C1C0-4469-AF1B-C112A6115CDA}.Release|Any CPU.ActiveCfg = Release|Any CPU
		{99BACE25-C1C0-4469-AF1B-C112A6115CDA}.Release|Any CPU.Build.0 = Release|Any CPU
		{BB92A2EF-2F64-4684-9270-8E3FFA33A60E}.Debug|Any CPU.ActiveCfg = Debug|Any CPU
		{BB92A2EF-2F64-4684-9270-8E3FFA33A60E}.Debug|Any CPU.Build.0 = Debug|Any CPU
		{BB92A2EF-2F64-4684-9270-8E3FFA33A60E}.Release|Any CPU.ActiveCfg = Release|Any CPU
		{BB92A2EF-2F64-4684-9270-8E3FFA33A60E}.Release|Any CPU.Build.0 = Release|Any CPU
		{01C9768D-3845-4397-ADB4-D96983667149}.Debug|Any CPU.ActiveCfg = Debug|Any CPU
		{01C9768D-3845-4397-ADB4-D96983667149}.Debug|Any CPU.Build.0 = Debug|Any CPU
		{01C9768D-3845-4397-ADB4-D96983667149}.Release|Any CPU.ActiveCfg = Release|Any CPU
		{01C9768D-3845-4397-ADB4-D96983667149}.Release|Any CPU.Build.0 = Release|Any CPU
		{D86B450D-0A9D-47E6-9914-FB45896633B3}.Debug|Any CPU.ActiveCfg = Debug|Any CPU
		{D86B450D-0A9D-47E6-9914-FB45896633B3}.Debug|Any CPU.Build.0 = Debug|Any CPU
		{D86B450D-0A9D-47E6-9914-FB45896633B3}.Release|Any CPU.ActiveCfg = Release|Any CPU
		{D86B450D-0A9D-47E6-9914-FB45896633B3}.Release|Any CPU.Build.0 = Release|Any CPU
		{E7FBAFB4-9ECD-40FC-AEC9-33ECE6E1AFCC}.Debug|Any CPU.ActiveCfg = Debug|Any CPU
		{E7FBAFB4-9ECD-40FC-AEC9-33ECE6E1AFCC}.Debug|Any CPU.Build.0 = Debug|Any CPU
		{E7FBAFB4-9ECD-40FC-AEC9-33ECE6E1AFCC}.Release|Any CPU.ActiveCfg = Release|Any CPU
		{E7FBAFB4-9ECD-40FC-AEC9-33ECE6E1AFCC}.Release|Any CPU.Build.0 = Release|Any CPU
		{76ADDA5F-194F-4C3F-BBB5-56CD836B6C40}.Debug|Any CPU.ActiveCfg = Debug|Any CPU
		{76ADDA5F-194F-4C3F-BBB5-56CD836B6C40}.Debug|Any CPU.Build.0 = Debug|Any CPU
		{76ADDA5F-194F-4C3F-BBB5-56CD836B6C40}.Release|Any CPU.ActiveCfg = Release|Any CPU
		{76ADDA5F-194F-4C3F-BBB5-56CD836B6C40}.Release|Any CPU.Build.0 = Release|Any CPU
		{64E3EC86-797B-4F5F-833D-AEFA316019D1}.Debug|Any CPU.ActiveCfg = Debug|Any CPU
		{64E3EC86-797B-4F5F-833D-AEFA316019D1}.Debug|Any CPU.Build.0 = Debug|Any CPU
		{64E3EC86-797B-4F5F-833D-AEFA316019D1}.Release|Any CPU.ActiveCfg = Release|Any CPU
		{64E3EC86-797B-4F5F-833D-AEFA316019D1}.Release|Any CPU.Build.0 = Release|Any CPU
	EndGlobalSection
	GlobalSection(SolutionProperties) = preSolution
		HideSolutionNode = FALSE
	EndGlobalSection
	GlobalSection(ExtensibilityGlobals) = postSolution
		SolutionGuid = {46A2C693-6FEA-4900-AF83-AFC53C2BD73A}
	EndGlobalSection
EndGlobal
